
Microsoft Visual Studio Solution File, Format Version 12.00
Project("{2150E333-8FDC-42A3-9474-1A3956D46DE8}") = "Servers", "Servers", "{DA2DA5BA-A8A5-4A27-8DF5-D7A9EF08B40E}"
EndProject
Project("{2150E333-8FDC-42A3-9474-1A3956D46DE8}") = "UI", "UI", "{6B680E41-21CE-4A3E-8774-B5B03CA511EC}"
EndProject
Project("{FAE04EC0-301F-11D3-BF4B-00C04F79EFBC}") = "OJS.Servers.Ui", "Servers\UI\OJS.Servers.Ui\OJS.Servers.Ui.csproj", "{CDBD0A16-E35C-43F7-A20E-A3878F26384E}"
EndProject
Project("{2150E333-8FDC-42A3-9474-1A3956D46DE8}") = "Services", "Services", "{DFBB5F84-EC8E-4E14-9467-C255071E821F}"
EndProject
Project("{FAE04EC0-301F-11D3-BF4B-00C04F79EFBC}") = "OJS.Services.Business", "Services\OJS.Services.Business\OJS.Services.Business.csproj", "{80E97386-4389-4508-9569-975230730A73}"
EndProject
Project("{FAE04EC0-301F-11D3-BF4B-00C04F79EFBC}") = "OJS.Services.Data", "Services\OJS.Services.Data\OJS.Services.Data.csproj", "{51410337-F0D0-4DBE-89DF-1512396AD5F9}"
EndProject
Project("{FAE04EC0-301F-11D3-BF4B-00C04F79EFBC}") = "OJS.Services.Models", "Services\OJS.Services.Models\OJS.Services.Models.csproj", "{B5FA20F1-2AD5-4482-88D6-DCC0BE4D8EAF}"
EndProject
Project("{2150E333-8FDC-42A3-9474-1A3956D46DE8}") = "Data", "Data", "{EE89E503-154F-42F5-9B43-8DB820D2338B}"
EndProject
Project("{FAE04EC0-301F-11D3-BF4B-00C04F79EFBC}") = "OJS.Data.Models", "Data\OJS.Data.Models\OJS.Data.Models.csproj", "{4EBF2278-C4B5-4066-A16E-4555930DF6A8}"
EndProject
Project("{FAE04EC0-301F-11D3-BF4B-00C04F79EFBC}") = "OJS.Data", "Data\OJS.Data\OJS.Data.csproj", "{B779028A-0B99-4F53-9096-1218FF0CA173}"
EndProject
Project("{FAE04EC0-301F-11D3-BF4B-00C04F79EFBC}") = "OJS.Common", "Common\OJS.Common\OJS.Common.csproj", "{7F4451AF-8633-4122-8371-1809D7325306}"
EndProject
Project("{FAE04EC0-301F-11D3-BF4B-00C04F79EFBC}") = "OJS.Servers.Common", "Servers\Common\OJS.Servers.Common\OJS.Servers.Common.csproj", "{AB446939-4C53-4E2E-AA41-7ACDC2568769}"
EndProject
Project("{FAE04EC0-301F-11D3-BF4B-00C04F79EFBC}") = "OJS.Servers.Ui.Infrastructure", "Servers\UI\OJS.Servers.Ui.Infrastructure\OJS.Servers.Ui.Infrastructure.csproj", "{811C022D-186E-4581-AB55-DC5B4621132F}"
EndProject
Project("{FAE04EC0-301F-11D3-BF4B-00C04F79EFBC}") = "OJS.Servers.Ui.Models", "Servers\UI\OJS.Servers.Ui.Models\OJS.Servers.Ui.Models.csproj", "{4882EE14-CA16-49E7-AFC0-BA3895DB78CB}"
EndProject
Global
	GlobalSection(SolutionConfigurationPlatforms) = preSolution
		Debug|Any CPU = Debug|Any CPU
		Release|Any CPU = Release|Any CPU
	EndGlobalSection
	GlobalSection(NestedProjects) = preSolution
		{6B680E41-21CE-4A3E-8774-B5B03CA511EC} = {DA2DA5BA-A8A5-4A27-8DF5-D7A9EF08B40E}
		{CDBD0A16-E35C-43F7-A20E-A3878F26384E} = {6B680E41-21CE-4A3E-8774-B5B03CA511EC}
		{80E97386-4389-4508-9569-975230730A73} = {DFBB5F84-EC8E-4E14-9467-C255071E821F}
		{51410337-F0D0-4DBE-89DF-1512396AD5F9} = {DFBB5F84-EC8E-4E14-9467-C255071E821F}
		{B5FA20F1-2AD5-4482-88D6-DCC0BE4D8EAF} = {DFBB5F84-EC8E-4E14-9467-C255071E821F}
		{4EBF2278-C4B5-4066-A16E-4555930DF6A8} = {EE89E503-154F-42F5-9B43-8DB820D2338B}
		{B779028A-0B99-4F53-9096-1218FF0CA173} = {EE89E503-154F-42F5-9B43-8DB820D2338B}
		{AB446939-4C53-4E2E-AA41-7ACDC2568769} = {DA2DA5BA-A8A5-4A27-8DF5-D7A9EF08B40E}
		{811C022D-186E-4581-AB55-DC5B4621132F} = {6B680E41-21CE-4A3E-8774-B5B03CA511EC}
		{4882EE14-CA16-49E7-AFC0-BA3895DB78CB} = {6B680E41-21CE-4A3E-8774-B5B03CA511EC}
	EndGlobalSection
	GlobalSection(ProjectConfigurationPlatforms) = postSolution
		{CDBD0A16-E35C-43F7-A20E-A3878F26384E}.Debug|Any CPU.ActiveCfg = Debug|Any CPU
		{CDBD0A16-E35C-43F7-A20E-A3878F26384E}.Debug|Any CPU.Build.0 = Debug|Any CPU
		{CDBD0A16-E35C-43F7-A20E-A3878F26384E}.Release|Any CPU.ActiveCfg = Release|Any CPU
		{CDBD0A16-E35C-43F7-A20E-A3878F26384E}.Release|Any CPU.Build.0 = Release|Any CPU
		{80E97386-4389-4508-9569-975230730A73}.Debug|Any CPU.ActiveCfg = Debug|Any CPU
		{80E97386-4389-4508-9569-975230730A73}.Debug|Any CPU.Build.0 = Debug|Any CPU
		{80E97386-4389-4508-9569-975230730A73}.Release|Any CPU.ActiveCfg = Release|Any CPU
		{80E97386-4389-4508-9569-975230730A73}.Release|Any CPU.Build.0 = Release|Any CPU
		{51410337-F0D0-4DBE-89DF-1512396AD5F9}.Debug|Any CPU.ActiveCfg = Debug|Any CPU
		{51410337-F0D0-4DBE-89DF-1512396AD5F9}.Debug|Any CPU.Build.0 = Debug|Any CPU
		{51410337-F0D0-4DBE-89DF-1512396AD5F9}.Release|Any CPU.ActiveCfg = Release|Any CPU
		{51410337-F0D0-4DBE-89DF-1512396AD5F9}.Release|Any CPU.Build.0 = Release|Any CPU
		{B5FA20F1-2AD5-4482-88D6-DCC0BE4D8EAF}.Debug|Any CPU.ActiveCfg = Debug|Any CPU
		{B5FA20F1-2AD5-4482-88D6-DCC0BE4D8EAF}.Debug|Any CPU.Build.0 = Debug|Any CPU
		{B5FA20F1-2AD5-4482-88D6-DCC0BE4D8EAF}.Release|Any CPU.ActiveCfg = Release|Any CPU
		{B5FA20F1-2AD5-4482-88D6-DCC0BE4D8EAF}.Release|Any CPU.Build.0 = Release|Any CPU
		{4EBF2278-C4B5-4066-A16E-4555930DF6A8}.Debug|Any CPU.ActiveCfg = Debug|Any CPU
		{4EBF2278-C4B5-4066-A16E-4555930DF6A8}.Debug|Any CPU.Build.0 = Debug|Any CPU
		{4EBF2278-C4B5-4066-A16E-4555930DF6A8}.Release|Any CPU.ActiveCfg = Release|Any CPU
		{4EBF2278-C4B5-4066-A16E-4555930DF6A8}.Release|Any CPU.Build.0 = Release|Any CPU
		{B779028A-0B99-4F53-9096-1218FF0CA173}.Debug|Any CPU.ActiveCfg = Debug|Any CPU
		{B779028A-0B99-4F53-9096-1218FF0CA173}.Debug|Any CPU.Build.0 = Debug|Any CPU
		{B779028A-0B99-4F53-9096-1218FF0CA173}.Release|Any CPU.ActiveCfg = Release|Any CPU
		{B779028A-0B99-4F53-9096-1218FF0CA173}.Release|Any CPU.Build.0 = Release|Any CPU
		{7F4451AF-8633-4122-8371-1809D7325306}.Debug|Any CPU.ActiveCfg = Debug|Any CPU
		{7F4451AF-8633-4122-8371-1809D7325306}.Debug|Any CPU.Build.0 = Debug|Any CPU
		{7F4451AF-8633-4122-8371-1809D7325306}.Release|Any CPU.ActiveCfg = Release|Any CPU
		{7F4451AF-8633-4122-8371-1809D7325306}.Release|Any CPU.Build.0 = Release|Any CPU
		{AB446939-4C53-4E2E-AA41-7ACDC2568769}.Debug|Any CPU.ActiveCfg = Debug|Any CPU
		{AB446939-4C53-4E2E-AA41-7ACDC2568769}.Debug|Any CPU.Build.0 = Debug|Any CPU
		{AB446939-4C53-4E2E-AA41-7ACDC2568769}.Release|Any CPU.ActiveCfg = Release|Any CPU
		{AB446939-4C53-4E2E-AA41-7ACDC2568769}.Release|Any CPU.Build.0 = Release|Any CPU
		{811C022D-186E-4581-AB55-DC5B4621132F}.Debug|Any CPU.ActiveCfg = Debug|Any CPU
		{811C022D-186E-4581-AB55-DC5B4621132F}.Debug|Any CPU.Build.0 = Debug|Any CPU
		{811C022D-186E-4581-AB55-DC5B4621132F}.Release|Any CPU.ActiveCfg = Release|Any CPU
		{811C022D-186E-4581-AB55-DC5B4621132F}.Release|Any CPU.Build.0 = Release|Any CPU
		{4882EE14-CA16-49E7-AFC0-BA3895DB78CB}.Debug|Any CPU.ActiveCfg = Debug|Any CPU
		{4882EE14-CA16-49E7-AFC0-BA3895DB78CB}.Debug|Any CPU.Build.0 = Debug|Any CPU
		{4882EE14-CA16-49E7-AFC0-BA3895DB78CB}.Release|Any CPU.ActiveCfg = Release|Any CPU
		{4882EE14-CA16-49E7-AFC0-BA3895DB78CB}.Release|Any CPU.Build.0 = Release|Any CPU
	EndGlobalSection
EndGlobal
